
Microsoft Visual Studio Solution File, Format Version 9.00
# Visual Studio 2005
Project("{FAE04EC0-301F-11D3-BF4B-00C04F79EFBC}") = "zkcenter", "zkcenter\zkcenter.csproj", "{B63F3AF6-863A-45A7-867B-ACDC8474CB61}"
EndProject
Global
	GlobalSection(SolutionConfigurationPlatforms) = preSolution
		Debug|Any CPU = Debug|Any CPU
		Release|Any CPU = Release|Any CPU
	EndGlobalSection
	GlobalSection(ProjectConfigurationPlatforms) = postSolution
		{B63F3AF6-863A-45A7-867B-ACDC8474CB61}.Debug|Any CPU.ActiveCfg = Debug|Any CPU
		{B63F3AF6-863A-45A7-867B-ACDC8474CB61}.Debug|Any CPU.Build.0 = Debug|Any CPU
		{B63F3AF6-863A-45A7-867B-ACDC8474CB61}.Release|Any CPU.ActiveCfg = Release|Any CPU
		{B63F3AF6-863A-45A7-867B-ACDC8474CB61}.Release|Any CPU.Build.0 = Release|Any CPU
	EndGlobalSection
	GlobalSection(SolutionProperties) = preSolution
		HideSolutionNode = FALSE
	EndGlobalSection
EndGlobal
